// !$*UTF8*$!
{
	archiveVersion = 1;
	classes = {
	};
	objectVersion = 55;
	objects = {

/* Begin PBXBuildFile section */
		B008F2772962B263003AE5F1 /* AppDelegate.swift in Sources */ = {isa = PBXBuildFile; fileRef = B008F2762962B263003AE5F1 /* AppDelegate.swift */; };
		B008F2792962B263003AE5F1 /* SceneDelegate.swift in Sources */ = {isa = PBXBuildFile; fileRef = B008F2782962B263003AE5F1 /* SceneDelegate.swift */; };
		B008F27B2962B263003AE5F1 /* DCSuperheroesViewController.swift in Sources */ = {isa = PBXBuildFile; fileRef = B008F27A2962B263003AE5F1 /* DCSuperheroesViewController.swift */; };
		B008F2802962B264003AE5F1 /* Assets.xcassets in Resources */ = {isa = PBXBuildFile; fileRef = B008F27F2962B264003AE5F1 /* Assets.xcassets */; };
		B008F2832962B264003AE5F1 /* LaunchScreen.storyboard in Resources */ = {isa = PBXBuildFile; fileRef = B008F2812962B264003AE5F1 /* LaunchScreen.storyboard */; };
		B04C67C92962FDDD006462AF /* DCSuperheroesTableViewCell.swift in Sources */ = {isa = PBXBuildFile; fileRef = B04C67C82962FDDD006462AF /* DCSuperheroesTableViewCell.swift */; };
		B06852E72964A07200ECF441 /* APICaller.swift in Sources */ = {isa = PBXBuildFile; fileRef = B06852E62964A07200ECF441 /* APICaller.swift */; };
		B06852E9296748AC00ECF441 /* ErrorScreenViewController.swift in Sources */ = {isa = PBXBuildFile; fileRef = B06852E8296748AC00ECF441 /* ErrorScreenViewController.swift */; };
		B06852ED2968148900ECF441 /* DCSuperHeroesDetailsViewController.swift in Sources */ = {isa = PBXBuildFile; fileRef = B06852EC2968148900ECF441 /* DCSuperHeroesDetailsViewController.swift */; };
		B06852EF2968255000ECF441 /* DCSuperheroesTableViewModel.swift in Sources */ = {isa = PBXBuildFile; fileRef = B06852EE2968255000ECF441 /* DCSuperheroesTableViewModel.swift */; };
		B06852F5296831F000ECF441 /* SuperHeroesModel.swift in Sources */ = {isa = PBXBuildFile; fileRef = B06852F4296831F000ECF441 /* SuperHeroesModel.swift */; };
		BAE6A29460901D03B9A108F6 /* Pods_DC_Superheroes___Final_Assignment.framework in Frameworks */ = {isa = PBXBuildFile; fileRef = C37F32FB719B4A4B3BA87E65 /* Pods_DC_Superheroes___Final_Assignment.framework */; };
/* End PBXBuildFile section */

/* Begin PBXFileReference section */
		574417B58CBC32AC048E86F0 /* Pods-DC Superheroes - Final Assignment.debug.xcconfig */ = {isa = PBXFileReference; includeInIndex = 1; lastKnownFileType = text.xcconfig; name = "Pods-DC Superheroes - Final Assignment.debug.xcconfig"; path = "Target Support Files/Pods-DC Superheroes - Final Assignment/Pods-DC Superheroes - Final Assignment.debug.xcconfig"; sourceTree = "<group>"; };
		B008F2732962B263003AE5F1 /* DC Superheroes - Final Assignment.app */ = {isa = PBXFileReference; explicitFileType = wrapper.application; includeInIndex = 0; path = "DC Superheroes - Final Assignment.app"; sourceTree = BUILT_PRODUCTS_DIR; };
		B008F2762962B263003AE5F1 /* AppDelegate.swift */ = {isa = PBXFileReference; lastKnownFileType = sourcecode.swift; path = AppDelegate.swift; sourceTree = "<group>"; };
		B008F2782962B263003AE5F1 /* SceneDelegate.swift */ = {isa = PBXFileReference; lastKnownFileType = sourcecode.swift; path = SceneDelegate.swift; sourceTree = "<group>"; };
		B008F27A2962B263003AE5F1 /* DCSuperheroesViewController.swift */ = {isa = PBXFileReference; lastKnownFileType = sourcecode.swift; path = DCSuperheroesViewController.swift; sourceTree = "<group>"; };
		B008F27F2962B264003AE5F1 /* Assets.xcassets */ = {isa = PBXFileReference; lastKnownFileType = folder.assetcatalog; path = Assets.xcassets; sourceTree = "<group>"; };
		B008F2822962B264003AE5F1 /* Base */ = {isa = PBXFileReference; lastKnownFileType = file.storyboard; name = Base; path = Base.lproj/LaunchScreen.storyboard; sourceTree = "<group>"; };
		B008F2842962B264003AE5F1 /* Info.plist */ = {isa = PBXFileReference; lastKnownFileType = text.plist.xml; path = Info.plist; sourceTree = "<group>"; };
		B04C67C82962FDDD006462AF /* DCSuperheroesTableViewCell.swift */ = {isa = PBXFileReference; lastKnownFileType = sourcecode.swift; path = DCSuperheroesTableViewCell.swift; sourceTree = "<group>"; };
		B06852E62964A07200ECF441 /* APICaller.swift */ = {isa = PBXFileReference; lastKnownFileType = sourcecode.swift; path = APICaller.swift; sourceTree = "<group>"; };
		B06852E8296748AC00ECF441 /* ErrorScreenViewController.swift */ = {isa = PBXFileReference; lastKnownFileType = sourcecode.swift; path = ErrorScreenViewController.swift; sourceTree = "<group>"; };
		B06852EC2968148900ECF441 /* DCSuperHeroesDetailsViewController.swift */ = {isa = PBXFileReference; lastKnownFileType = sourcecode.swift; path = DCSuperHeroesDetailsViewController.swift; sourceTree = "<group>"; };
		B06852EE2968255000ECF441 /* DCSuperheroesTableViewModel.swift */ = {isa = PBXFileReference; lastKnownFileType = sourcecode.swift; path = DCSuperheroesTableViewModel.swift; sourceTree = "<group>"; };
		B06852F4296831F000ECF441 /* SuperHeroesModel.swift */ = {isa = PBXFileReference; lastKnownFileType = sourcecode.swift; path = SuperHeroesModel.swift; sourceTree = "<group>"; };
		B423A82C2CE65DB263194FB0 /* Pods-DC Superheroes - Final Assignment.release.xcconfig */ = {isa = PBXFileReference; includeInIndex = 1; lastKnownFileType = text.xcconfig; name = "Pods-DC Superheroes - Final Assignment.release.xcconfig"; path = "Target Support Files/Pods-DC Superheroes - Final Assignment/Pods-DC Superheroes - Final Assignment.release.xcconfig"; sourceTree = "<group>"; };
		C37F32FB719B4A4B3BA87E65 /* Pods_DC_Superheroes___Final_Assignment.framework */ = {isa = PBXFileReference; explicitFileType = wrapper.framework; includeInIndex = 0; path = "Pods_DC_Superheroes___Final_Assignment.framework"; sourceTree = BUILT_PRODUCTS_DIR; };
/* End PBXFileReference section */

/* Begin PBXFrameworksBuildPhase section */
		B008F2702962B263003AE5F1 /* Frameworks */ = {
			isa = PBXFrameworksBuildPhase;
			buildActionMask = 2147483647;
			files = (
				BAE6A29460901D03B9A108F6 /* Pods_DC_Superheroes___Final_Assignment.framework in Frameworks */,
			);
			runOnlyForDeploymentPostprocessing = 0;
		};
/* End PBXFrameworksBuildPhase section */

/* Begin PBXGroup section */
		3C1771E9EA8F477CD450AC1C /* Pods */ = {
			isa = PBXGroup;
			children = (
				574417B58CBC32AC048E86F0 /* Pods-DC Superheroes - Final Assignment.debug.xcconfig */,
				B423A82C2CE65DB263194FB0 /* Pods-DC Superheroes - Final Assignment.release.xcconfig */,
			);
			path = Pods;
			sourceTree = "<group>";
		};
		5E0335FDBA007A1B8B1D86B3 /* Frameworks */ = {
			isa = PBXGroup;
			children = (
				C37F32FB719B4A4B3BA87E65 /* Pods_DC_Superheroes___Final_Assignment.framework */,
			);
			name = Frameworks;
			sourceTree = "<group>";
		};
		B008F26A2962B263003AE5F1 = {
			isa = PBXGroup;
			children = (
				B008F2752962B263003AE5F1 /* DC Superheroes - Final Assignment */,
				B008F2742962B263003AE5F1 /* Products */,
				3C1771E9EA8F477CD450AC1C /* Pods */,
				5E0335FDBA007A1B8B1D86B3 /* Frameworks */,
			);
			sourceTree = "<group>";
		};
		B008F2742962B263003AE5F1 /* Products */ = {
			isa = PBXGroup;
			children = (
				B008F2732962B263003AE5F1 /* DC Superheroes - Final Assignment.app */,
			);
			name = Products;
			sourceTree = "<group>";
		};
		B008F2752962B263003AE5F1 /* DC Superheroes - Final Assignment */ = {
			isa = PBXGroup;
			children = (
				B06852F9296832DB00ECF441 /* Resources */,
				B06852F72968329100ECF441 /* Storyboard */,
				B06852F029682FC100ECF441 /* ViewController */,
				B06852F3296831A000ECF441 /* Models */,
				B06852F22968314F00ECF441 /* View */,
				B06852F12968312D00ECF441 /* ViewModel */,
				B06852F62968323F00ECF441 /* Networking */,
				B06852F8296832A400ECF441 /* AppDelegate */,
				B008F2842962B264003AE5F1 /* Info.plist */,
			);
			path = "DC Superheroes - Final Assignment";
			sourceTree = "<group>";
		};
		B06852F029682FC100ECF441 /* ViewController */ = {
			isa = PBXGroup;
			children = (
				B008F27A2962B263003AE5F1 /* DCSuperheroesViewController.swift */,
				B06852EC2968148900ECF441 /* DCSuperHeroesDetailsViewController.swift */,
				B06852E8296748AC00ECF441 /* ErrorScreenViewController.swift */,
			);
			path = ViewController;
			sourceTree = "<group>";
		};
		B06852F12968312D00ECF441 /* ViewModel */ = {
			isa = PBXGroup;
			children = (
				B06852EE2968255000ECF441 /* DCSuperheroesTableViewModel.swift */,
			);
			path = ViewModel;
			sourceTree = "<group>";
		};
		B06852F22968314F00ECF441 /* View */ = {
			isa = PBXGroup;
			children = (
				B04C67C82962FDDD006462AF /* DCSuperheroesTableViewCell.swift */,
			);
			path = View;
			sourceTree = "<group>";
		};
		B06852F3296831A000ECF441 /* Models */ = {
			isa = PBXGroup;
			children = (
				B06852F4296831F000ECF441 /* SuperHeroesModel.swift */,
			);
			path = Models;
			sourceTree = "<group>";
		};
		B06852F62968323F00ECF441 /* Networking */ = {
			isa = PBXGroup;
			children = (
				B06852E62964A07200ECF441 /* APICaller.swift */,
			);
			path = Networking;
			sourceTree = "<group>";
		};
		B06852F72968329100ECF441 /* Storyboard */ = {
			isa = PBXGroup;
			children = (
				B008F2812962B264003AE5F1 /* LaunchScreen.storyboard */,
			);
			path = Storyboard;
			sourceTree = "<group>";
		};
		B06852F8296832A400ECF441 /* AppDelegate */ = {
			isa = PBXGroup;
			children = (
				B008F2782962B263003AE5F1 /* SceneDelegate.swift */,
				B008F2762962B263003AE5F1 /* AppDelegate.swift */,
			);
			path = AppDelegate;
			sourceTree = "<group>";
		};
		B06852F9296832DB00ECF441 /* Resources */ = {
			isa = PBXGroup;
			children = (
				B008F27F2962B264003AE5F1 /* Assets.xcassets */,
			);
			path = Resources;
			sourceTree = "<group>";
		};
/* End PBXGroup section */

/* Begin PBXNativeTarget section */
		B008F2722962B263003AE5F1 /* DC Superheroes - Final Assignment */ = {
			isa = PBXNativeTarget;
			buildConfigurationList = B008F2872962B264003AE5F1 /* Build configuration list for PBXNativeTarget "DC Superheroes - Final Assignment" */;
			buildPhases = (
				9AECA7144E306587C653F3B7 /* [CP] Check Pods Manifest.lock */,
				B008F26F2962B263003AE5F1 /* Sources */,
				B008F2702962B263003AE5F1 /* Frameworks */,
				B008F2712962B263003AE5F1 /* Resources */,
				3187A11A3B485CF4812B46AB /* [CP] Embed Pods Frameworks */,
			);
			buildRules = (
			);
			dependencies = (
			);
			name = "DC Superheroes - Final Assignment";
			productName = "DC Superheroes - Final Assignment";
			productReference = B008F2732962B263003AE5F1 /* DC Superheroes - Final Assignment.app */;
			productType = "com.apple.product-type.application";
		};
/* End PBXNativeTarget section */

/* Begin PBXProject section */
		B008F26B2962B263003AE5F1 /* Project object */ = {
			isa = PBXProject;
			attributes = {
				BuildIndependentTargetsInParallel = 1;
				LastSwiftUpdateCheck = 1330;
				LastUpgradeCheck = 1330;
				TargetAttributes = {
					B008F2722962B263003AE5F1 = {
						CreatedOnToolsVersion = 13.3.1;
					};
				};
			};
			buildConfigurationList = B008F26E2962B263003AE5F1 /* Build configuration list for PBXProject "DC Superheroes - Final Assignment" */;
			compatibilityVersion = "Xcode 13.0";
			developmentRegion = en;
			hasScannedForEncodings = 0;
			knownRegions = (
				en,
				Base,
			);
			mainGroup = B008F26A2962B263003AE5F1;
			productRefGroup = B008F2742962B263003AE5F1 /* Products */;
			projectDirPath = "";
			projectRoot = "";
			targets = (
				B008F2722962B263003AE5F1 /* DC Superheroes - Final Assignment */,
			);
		};
/* End PBXProject section */

/* Begin PBXResourcesBuildPhase section */
		B008F2712962B263003AE5F1 /* Resources */ = {
			isa = PBXResourcesBuildPhase;
			buildActionMask = 2147483647;
			files = (
				B008F2832962B264003AE5F1 /* LaunchScreen.storyboard in Resources */,
				B008F2802962B264003AE5F1 /* Assets.xcassets in Resources */,
			);
			runOnlyForDeploymentPostprocessing = 0;
		};
/* End PBXResourcesBuildPhase section */

/* Begin PBXShellScriptBuildPhase section */
		3187A11A3B485CF4812B46AB /* [CP] Embed Pods Frameworks */ = {
			isa = PBXShellScriptBuildPhase;
			buildActionMask = 2147483647;
			files = (
			);
			inputFileListPaths = (
				"${PODS_ROOT}/Target Support Files/Pods-DC Superheroes - Final Assignment/Pods-DC Superheroes - Final Assignment-frameworks-${CONFIGURATION}-input-files.xcfilelist",
			);
			name = "[CP] Embed Pods Frameworks";
			outputFileListPaths = (
				"${PODS_ROOT}/Target Support Files/Pods-DC Superheroes - Final Assignment/Pods-DC Superheroes - Final Assignment-frameworks-${CONFIGURATION}-output-files.xcfilelist",
			);
			runOnlyForDeploymentPostprocessing = 0;
			shellPath = /bin/sh;
			shellScript = "\"${PODS_ROOT}/Target Support Files/Pods-DC Superheroes - Final Assignment/Pods-DC Superheroes - Final Assignment-frameworks.sh\"\n";
			showEnvVarsInLog = 0;
		};
		9AECA7144E306587C653F3B7 /* [CP] Check Pods Manifest.lock */ = {
			isa = PBXShellScriptBuildPhase;
			buildActionMask = 2147483647;
			files = (
			);
			inputFileListPaths = (
			);
			inputPaths = (
				"${PODS_PODFILE_DIR_PATH}/Podfile.lock",
				"${PODS_ROOT}/Manifest.lock",
			);
			name = "[CP] Check Pods Manifest.lock";
			outputFileListPaths = (
			);
			outputPaths = (
				"$(DERIVED_FILE_DIR)/Pods-DC Superheroes - Final Assignment-checkManifestLockResult.txt",
			);
			runOnlyForDeploymentPostprocessing = 0;
			shellPath = /bin/sh;
			shellScript = "diff \"${PODS_PODFILE_DIR_PATH}/Podfile.lock\" \"${PODS_ROOT}/Manifest.lock\" > /dev/null\nif [ $? != 0 ] ; then\n    # print error to STDERR\n    echo \"error: The sandbox is not in sync with the Podfile.lock. Run 'pod install' or update your CocoaPods installation.\" >&2\n    exit 1\nfi\n# This output is used by Xcode 'outputs' to avoid re-running this script phase.\necho \"SUCCESS\" > \"${SCRIPT_OUTPUT_FILE_0}\"\n";
			showEnvVarsInLog = 0;
		};
/* End PBXShellScriptBuildPhase section */

/* Begin PBXSourcesBuildPhase section */
		B008F26F2962B263003AE5F1 /* Sources */ = {
			isa = PBXSourcesBuildPhase;
			buildActionMask = 2147483647;
			files = (
				B06852EF2968255000ECF441 /* DCSuperheroesTableViewModel.swift in Sources */,
				B008F27B2962B263003AE5F1 /* DCSuperheroesViewController.swift in Sources */,
				B008F2772962B263003AE5F1 /* AppDelegate.swift in Sources */,
				B04C67C92962FDDD006462AF /* DCSuperheroesTableViewCell.swift in Sources */,
				B06852F5296831F000ECF441 /* SuperHeroesModel.swift in Sources */,
				B06852ED2968148900ECF441 /* DCSuperHeroesDetailsViewController.swift in Sources */,
				B06852E72964A07200ECF441 /* APICaller.swift in Sources */,
				B008F2792962B263003AE5F1 /* SceneDelegate.swift in Sources */,
				B06852E9296748AC00ECF441 /* ErrorScreenViewController.swift in Sources */,
			);
			runOnlyForDeploymentPostprocessing = 0;
		};
/* End PBXSourcesBuildPhase section */

/* Begin PBXVariantGroup section */
		B008F2812962B264003AE5F1 /* LaunchScreen.storyboard */ = {
			isa = PBXVariantGroup;
			children = (
				B008F2822962B264003AE5F1 /* Base */,
			);
			name = LaunchScreen.storyboard;
			sourceTree = "<group>";
		};
/* End PBXVariantGroup section */

/* Begin XCBuildConfiguration section */
		B008F2852962B264003AE5F1 /* Debug */ = {
			isa = XCBuildConfiguration;
			buildSettings = {
				ALWAYS_SEARCH_USER_PATHS = NO;
				CLANG_ANALYZER_NONNULL = YES;
				CLANG_ANALYZER_NUMBER_OBJECT_CONVERSION = YES_AGGRESSIVE;
				CLANG_CXX_LANGUAGE_STANDARD = "gnu++17";
				CLANG_ENABLE_MODULES = YES;
				CLANG_ENABLE_OBJC_ARC = YES;
				CLANG_ENABLE_OBJC_WEAK = YES;
				CLANG_WARN_BLOCK_CAPTURE_AUTORELEASING = YES;
				CLANG_WARN_BOOL_CONVERSION = YES;
				CLANG_WARN_COMMA = YES;
				CLANG_WARN_CONSTANT_CONVERSION = YES;
				CLANG_WARN_DEPRECATED_OBJC_IMPLEMENTATIONS = YES;
				CLANG_WARN_DIRECT_OBJC_ISA_USAGE = YES_ERROR;
				CLANG_WARN_DOCUMENTATION_COMMENTS = YES;
				CLANG_WARN_EMPTY_BODY = YES;
				CLANG_WARN_ENUM_CONVERSION = YES;
				CLANG_WARN_INFINITE_RECURSION = YES;
				CLANG_WARN_INT_CONVERSION = YES;
				CLANG_WARN_NON_LITERAL_NULL_CONVERSION = YES;
				CLANG_WARN_OBJC_IMPLICIT_RETAIN_SELF = YES;
				CLANG_WARN_OBJC_LITERAL_CONVERSION = YES;
				CLANG_WARN_OBJC_ROOT_CLASS = YES_ERROR;
				CLANG_WARN_QUOTED_INCLUDE_IN_FRAMEWORK_HEADER = YES;
				CLANG_WARN_RANGE_LOOP_ANALYSIS = YES;
				CLANG_WARN_STRICT_PROTOTYPES = YES;
				CLANG_WARN_SUSPICIOUS_MOVE = YES;
				CLANG_WARN_UNGUARDED_AVAILABILITY = YES_AGGRESSIVE;
				CLANG_WARN_UNREACHABLE_CODE = YES;
				CLANG_WARN__DUPLICATE_METHOD_MATCH = YES;
				COPY_PHASE_STRIP = NO;
				DEBUG_INFORMATION_FORMAT = dwarf;
				ENABLE_STRICT_OBJC_MSGSEND = YES;
				ENABLE_TESTABILITY = YES;
				GCC_C_LANGUAGE_STANDARD = gnu11;
				GCC_DYNAMIC_NO_PIC = NO;
				GCC_NO_COMMON_BLOCKS = YES;
				GCC_OPTIMIZATION_LEVEL = 0;
				GCC_PREPROCESSOR_DEFINITIONS = (
					"DEBUG=1",
					"$(inherited)",
				);
				GCC_WARN_64_TO_32_BIT_CONVERSION = YES;
				GCC_WARN_ABOUT_RETURN_TYPE = YES_ERROR;
				GCC_WARN_UNDECLARED_SELECTOR = YES;
				GCC_WARN_UNINITIALIZED_AUTOS = YES_AGGRESSIVE;
				GCC_WARN_UNUSED_FUNCTION = YES;
				GCC_WARN_UNUSED_VARIABLE = YES;
				IPHONEOS_DEPLOYMENT_TARGET = 15.4;
				MTL_ENABLE_DEBUG_INFO = INCLUDE_SOURCE;
				MTL_FAST_MATH = YES;
				ONLY_ACTIVE_ARCH = YES;
				SDKROOT = iphoneos;
				SWIFT_ACTIVE_COMPILATION_CONDITIONS = DEBUG;
				SWIFT_OPTIMIZATION_LEVEL = "-Onone";
			};
			name = Debug;
		};
		B008F2862962B264003AE5F1 /* Release */ = {
			isa = XCBuildConfiguration;
			buildSettings = {
				ALWAYS_SEARCH_USER_PATHS = NO;
				CLANG_ANALYZER_NONNULL = YES;
				CLANG_ANALYZER_NUMBER_OBJECT_CONVERSION = YES_AGGRESSIVE;
				CLANG_CXX_LANGUAGE_STANDARD = "gnu++17";
				CLANG_ENABLE_MODULES = YES;
				CLANG_ENABLE_OBJC_ARC = YES;
				CLANG_ENABLE_OBJC_WEAK = YES;
				CLANG_WARN_BLOCK_CAPTURE_AUTORELEASING = YES;
				CLANG_WARN_BOOL_CONVERSION = YES;
				CLANG_WARN_COMMA = YES;
				CLANG_WARN_CONSTANT_CONVERSION = YES;
				CLANG_WARN_DEPRECATED_OBJC_IMPLEMENTATIONS = YES;
				CLANG_WARN_DIRECT_OBJC_ISA_USAGE = YES_ERROR;
				CLANG_WARN_DOCUMENTATION_COMMENTS = YES;
				CLANG_WARN_EMPTY_BODY = YES;
				CLANG_WARN_ENUM_CONVERSION = YES;
				CLANG_WARN_INFINITE_RECURSION = YES;
				CLANG_WARN_INT_CONVERSION = YES;
				CLANG_WARN_NON_LITERAL_NULL_CONVERSION = YES;
				CLANG_WARN_OBJC_IMPLICIT_RETAIN_SELF = YES;
				CLANG_WARN_OBJC_LITERAL_CONVERSION = YES;
				CLANG_WARN_OBJC_ROOT_CLASS = YES_ERROR;
				CLANG_WARN_QUOTED_INCLUDE_IN_FRAMEWORK_HEADER = YES;
				CLANG_WARN_RANGE_LOOP_ANALYSIS = YES;
				CLANG_WARN_STRICT_PROTOTYPES = YES;
				CLANG_WARN_SUSPICIOUS_MOVE = YES;
				CLANG_WARN_UNGUARDED_AVAILABILITY = YES_AGGRESSIVE;
				CLANG_WARN_UNREACHABLE_CODE = YES;
				CLANG_WARN__DUPLICATE_METHOD_MATCH = YES;
				COPY_PHASE_STRIP = NO;
				DEBUG_INFORMATION_FORMAT = "dwarf-with-dsym";
				ENABLE_NS_ASSERTIONS = NO;
				ENABLE_STRICT_OBJC_MSGSEND = YES;
				GCC_C_LANGUAGE_STANDARD = gnu11;
				GCC_NO_COMMON_BLOCKS = YES;
				GCC_WARN_64_TO_32_BIT_CONVERSION = YES;
				GCC_WARN_ABOUT_RETURN_TYPE = YES_ERROR;
				GCC_WARN_UNDECLARED_SELECTOR = YES;
				GCC_WARN_UNINITIALIZED_AUTOS = YES_AGGRESSIVE;
				GCC_WARN_UNUSED_FUNCTION = YES;
				GCC_WARN_UNUSED_VARIABLE = YES;
				IPHONEOS_DEPLOYMENT_TARGET = 15.4;
				MTL_ENABLE_DEBUG_INFO = NO;
				MTL_FAST_MATH = YES;
				SDKROOT = iphoneos;
				SWIFT_COMPILATION_MODE = wholemodule;
				SWIFT_OPTIMIZATION_LEVEL = "-O";
				VALIDATE_PRODUCT = YES;
			};
			name = Release;
		};
		B008F2882962B264003AE5F1 /* Debug */ = {
			isa = XCBuildConfiguration;
			baseConfigurationReference = 574417B58CBC32AC048E86F0 /* Pods-DC Superheroes - Final Assignment.debug.xcconfig */;
			buildSettings = {
				ASSETCATALOG_COMPILER_APPICON_NAME = AppIcon;
				ASSETCATALOG_COMPILER_GLOBAL_ACCENT_COLOR_NAME = AccentColor;
				CODE_SIGN_STYLE = Automatic;
				CURRENT_PROJECT_VERSION = 1;
				DEVELOPMENT_TEAM = 84L43GFKNV;
				GENERATE_INFOPLIST_FILE = YES;
				INFOPLIST_FILE = "DC Superheroes - Final Assignment/Info.plist";
				INFOPLIST_KEY_UIApplicationSupportsIndirectInputEvents = YES;
				INFOPLIST_KEY_UILaunchStoryboardName = LaunchScreen;
				INFOPLIST_KEY_UISupportedInterfaceOrientations_iPad = "UIInterfaceOrientationPortrait UIInterfaceOrientationPortraitUpsideDown UIInterfaceOrientationLandscapeLeft UIInterfaceOrientationLandscapeRight";
				INFOPLIST_KEY_UISupportedInterfaceOrientations_iPhone = "UIInterfaceOrientationPortrait UIInterfaceOrientationLandscapeLeft UIInterfaceOrientationLandscapeRight";
				LD_RUNPATH_SEARCH_PATHS = (
					"$(inherited)",
					"@executable_path/Frameworks",
				);
				MARKETING_VERSION = 1.0;
				PRODUCT_BUNDLE_IDENTIFIER = "com.mayur.DC-Superheroes---Final-Assignment";
				PRODUCT_NAME = "$(TARGET_NAME)";
				SWIFT_EMIT_LOC_STRINGS = YES;
				SWIFT_VERSION = 5.0;
				TARGETED_DEVICE_FAMILY = "1,2";
			};
			name = Debug;
		};
		B008F2892962B264003AE5F1 /* Release */ = {
			isa = XCBuildConfiguration;
			baseConfigurationReference = B423A82C2CE65DB263194FB0 /* Pods-DC Superheroes - Final Assignment.release.xcconfig */;
			buildSettings = {
				ASSETCATALOG_COMPILER_APPICON_NAME = AppIcon;
				ASSETCATALOG_COMPILER_GLOBAL_ACCENT_COLOR_NAME = AccentColor;
				CODE_SIGN_STYLE = Automatic;
				CURRENT_PROJECT_VERSION = 1;
				DEVELOPMENT_TEAM = 84L43GFKNV;
				GENERATE_INFOPLIST_FILE = YES;
				INFOPLIST_FILE = "DC Superheroes - Final Assignment/Info.plist";
				INFOPLIST_KEY_UIApplicationSupportsIndirectInputEvents = YES;
				INFOPLIST_KEY_UILaunchStoryboardName = LaunchScreen;
				INFOPLIST_KEY_UISupportedInterfaceOrientations_iPad = "UIInterfaceOrientationPortrait UIInterfaceOrientationPortraitUpsideDown UIInterfaceOrientationLandscapeLeft UIInterfaceOrientationLandscapeRight";
				INFOPLIST_KEY_UISupportedInterfaceOrientations_iPhone = "UIInterfaceOrientationPortrait UIInterfaceOrientationLandscapeLeft UIInterfaceOrientationLandscapeRight";
				LD_RUNPATH_SEARCH_PATHS = (
					"$(inherited)",
					"@executable_path/Frameworks",
				);
				MARKETING_VERSION = 1.0;
				PRODUCT_BUNDLE_IDENTIFIER = "com.mayur.DC-Superheroes---Final-Assignment";
				PRODUCT_NAME = "$(TARGET_NAME)";
				SWIFT_EMIT_LOC_STRINGS = YES;
				SWIFT_VERSION = 5.0;
				TARGETED_DEVICE_FAMILY = "1,2";
			};
			name = Release;
		};
/* End XCBuildConfiguration section */

/* Begin XCConfigurationList section */
		B008F26E2962B263003AE5F1 /* Build configuration list for PBXProject "DC Superheroes - Final Assignment" */ = {
			isa = XCConfigurationList;
			buildConfigurations = (
				B008F2852962B264003AE5F1 /* Debug */,
				B008F2862962B264003AE5F1 /* Release */,
			);
			defaultConfigurationIsVisible = 0;
			defaultConfigurationName = Release;
		};
		B008F2872962B264003AE5F1 /* Build configuration list for PBXNativeTarget "DC Superheroes - Final Assignment" */ = {
			isa = XCConfigurationList;
			buildConfigurations = (
				B008F2882962B264003AE5F1 /* Debug */,
				B008F2892962B264003AE5F1 /* Release */,
			);
			defaultConfigurationIsVisible = 0;
			defaultConfigurationName = Release;
		};
/* End XCConfigurationList section */
	};
	rootObject = B008F26B2962B263003AE5F1 /* Project object */;
}
